
Microsoft Visual Studio Solution File, Format Version 12.00
Project("{2150E333-8FDC-42A3-9474-1A3956D46DE8}") = "src", "src", "{24C7520D-60DE-449A-9B03-D1104B9F9B8C}"
EndProject
Project("{2150E333-8FDC-42A3-9474-1A3956D46DE8}") = "tests", "tests", "{68662D0B-1B39-4BE0-AED9-26DD56E0E4FE}"
EndProject
Project("{FAE04EC0-301F-11D3-BF4B-00C04F79EFBC}") = "TiRoDev.CSharpExtensions.Common", "src\TiRoDev.CSharpExtensions.Common\TiRoDev.CSharpExtensions.Common.csproj", "{946DC4B3-92D2-4EE1-B5E4-78293C31A4FF}"
EndProject
Global
	GlobalSection(SolutionConfigurationPlatforms) = preSolution
		Debug|Any CPU = Debug|Any CPU
		Release|Any CPU = Release|Any CPU
	EndGlobalSection
	GlobalSection(NestedProjects) = preSolution
		{946DC4B3-92D2-4EE1-B5E4-78293C31A4FF} = {24C7520D-60DE-449A-9B03-D1104B9F9B8C}
	EndGlobalSection
	GlobalSection(ProjectConfigurationPlatforms) = postSolution
		{946DC4B3-92D2-4EE1-B5E4-78293C31A4FF}.Debug|Any CPU.ActiveCfg = Debug|Any CPU
		{946DC4B3-92D2-4EE1-B5E4-78293C31A4FF}.Debug|Any CPU.Build.0 = Debug|Any CPU
		{946DC4B3-92D2-4EE1-B5E4-78293C31A4FF}.Release|Any CPU.ActiveCfg = Release|Any CPU
		{946DC4B3-92D2-4EE1-B5E4-78293C31A4FF}.Release|Any CPU.Build.0 = Release|Any CPU
	EndGlobalSection
EndGlobal
